
Microsoft Visual Studio Solution File, Format Version 12.00
# Visual Studio Version 16
VisualStudioVersion = 16.0.30104.148
MinimumVisualStudioVersion = 10.0.40219.1
Project("{FAE04EC0-301F-11D3-BF4B-00C04F79EFBC}") = "TBNSMB Visual Novel Test Stuff", "TBNSMB Visual Novel Test Stuff\TBNSMB Visual Novel Test Stuff.csproj", "{F9CEB685-9025-42F9-86EE-6CC78829E3EF}"
EndProject
Global
	GlobalSection(SolutionConfigurationPlatforms) = preSolution
		Debug|Any CPU = Debug|Any CPU
		Release|Any CPU = Release|Any CPU
	EndGlobalSection
	GlobalSection(ProjectConfigurationPlatforms) = postSolution
		{F9CEB685-9025-42F9-86EE-6CC78829E3EF}.Debug|Any CPU.ActiveCfg = Debug|Any CPU
		{F9CEB685-9025-42F9-86EE-6CC78829E3EF}.Debug|Any CPU.Build.0 = Debug|Any CPU
		{F9CEB685-9025-42F9-86EE-6CC78829E3EF}.Release|Any CPU.ActiveCfg = Release|Any CPU
		{F9CEB685-9025-42F9-86EE-6CC78829E3EF}.Release|Any CPU.Build.0 = Release|Any CPU
	EndGlobalSection
	GlobalSection(SolutionProperties) = preSolution
		HideSolutionNode = FALSE
	EndGlobalSection
	GlobalSection(ExtensibilityGlobals) = postSolution
		SolutionGuid = {6C3BEF44-B1A8-4E8C-B85D-1D3F86F5A584}
	EndGlobalSection
EndGlobal
